github.com/dvl-anurag/dog v0.0.0-20240306065449-e2cff9232326 h1:7RE91gXzA/5C77041Rb03lYjGlDWwAxYbxQP3bNWVq8=
github.com/dvl-anurag/dog v0.0.0-20240306065449-e2cff9232326/go.mod h1:7wVL0pUOStYaUr2nSC9h3XbsqJH2gzUUuouCIvPDK94=
github.com/dvl-anurag/puppy v0.0.0-20240306055924-05cf5f455d08 h1:eo4DGr/nCrAVv/dJVgOdBAieKVAlI7zdfBtBoI6kXXo=
github.com/dvl-anurag/puppy v0.0.0-20240306055924-05cf5f455d08/go.mod h1:i6Ln4stPan/rvbiCXMSAMKjzZZbwM+xh947hxow6PeA=
github.com/dvl-anurag/puppy v0.0.0-20240306065957-c81ee4ca5a0b h1:j5lewbQR29mt3wF/GdlHWj605uSXdGFwBRxHFBGcRls=
github.com/dvl-anurag/puppy v0.0.0-20240306065957-c81ee4ca5a0b/go.mod h1:73WQbE2YWlG2uS/WibSIwAN9hxzOV09ehPWaVHiG4F8=
